
Microsoft Visual Studio Solution File, Format Version 12.00
# Visual Studio Version 17
VisualStudioVersion = 17.9.34728.123
MinimumVisualStudioVersion = 10.0.40219.1
Project("{FAE04EC0-301F-11D3-BF4B-00C04F79EFBC}") = "Assignment5.1.2", "Assignment5.1.2.csproj", "{34F5FD40-2B87-4C51-A920-9CA15738EFA6}"
EndProject
Global
	GlobalSection(SolutionConfigurationPlatforms) = preSolution
		Debug|Any CPU = Debug|Any CPU
		Release|Any CPU = Release|Any CPU
	EndGlobalSection
	GlobalSection(ProjectConfigurationPlatforms) = postSolution
		{34F5FD40-2B87-4C51-A920-9CA15738EFA6}.Debug|Any CPU.ActiveCfg = Debug|Any CPU
		{34F5FD40-2B87-4C51-A920-9CA15738EFA6}.Debug|Any CPU.Build.0 = Debug|Any CPU
		{34F5FD40-2B87-4C51-A920-9CA15738EFA6}.Release|Any CPU.ActiveCfg = Release|Any CPU
		{34F5FD40-2B87-4C51-A920-9CA15738EFA6}.Release|Any CPU.Build.0 = Release|Any CPU
	EndGlobalSection
	GlobalSection(SolutionProperties) = preSolution
		HideSolutionNode = FALSE
	EndGlobalSection
	GlobalSection(ExtensibilityGlobals) = postSolution
		SolutionGuid = {BE902458-9E6A-48C7-85F0-2F87A8E6B124}
	EndGlobalSection
EndGlobal
